
Microsoft Visual Studio Solution File, Format Version 12.00
# Visual Studio Version 17
VisualStudioVersion = 17.4.33403.182
MinimumVisualStudioVersion = 10.0.40219.1
Project("{9A19103F-16F7-4668-BE54-9A1E7A4F7556}") = "Calculator 2.0", "Calculator 2.0\Calculator 2.0.csproj", "{0A4DD257-28FE-481D-AF94-1C8AD0A3C23D}"
EndProject
Global
	GlobalSection(SolutionConfigurationPlatforms) = preSolution
		Debug|Any CPU = Debug|Any CPU
		Release|Any CPU = Release|Any CPU
	EndGlobalSection
	GlobalSection(ProjectConfigurationPlatforms) = postSolution
		{0A4DD257-28FE-481D-AF94-1C8AD0A3C23D}.Debug|Any CPU.ActiveCfg = Debug|Any CPU
		{0A4DD257-28FE-481D-AF94-1C8AD0A3C23D}.Debug|Any CPU.Build.0 = Debug|Any CPU
		{0A4DD257-28FE-481D-AF94-1C8AD0A3C23D}.Release|Any CPU.ActiveCfg = Release|Any CPU
		{0A4DD257-28FE-481D-AF94-1C8AD0A3C23D}.Release|Any CPU.Build.0 = Release|Any CPU
	EndGlobalSection
	GlobalSection(SolutionProperties) = preSolution
		HideSolutionNode = FALSE
	EndGlobalSection
	GlobalSection(ExtensibilityGlobals) = postSolution
		SolutionGuid = {3E87016A-AC23-449D-8E5F-FD75A34FF4F9}
	EndGlobalSection
EndGlobal
