
Microsoft Visual Studio Solution File, Format Version 12.00
# Visual Studio Version 17
VisualStudioVersion = 17.5.33516.290
MinimumVisualStudioVersion = 10.0.40219.1
Project("{9A19103F-16F7-4668-BE54-9A1E7A4F7556}") = "FileReader", "FileReader\FileReader.csproj", "{38E43A39-F172-485F-A9C0-6A208E652AD7}"
EndProject
Project("{FAE04EC0-301F-11D3-BF4B-00C04F79EFBC}") = "ConsoleApp1", "ConsoleApp1\ConsoleApp1.csproj", "{291C194F-5F42-4C1A-9941-BF0A52A39F26}"
EndProject
Project("{FAE04EC0-301F-11D3-BF4B-00C04F79EFBC}") = "ReadFile1", "ConsoleApp2\ReadFile1.csproj", "{DBD4C550-7A2E-4A5F-8F5D-AB220A95B7A9}"
EndProject
Project("{FAE04EC0-301F-11D3-BF4B-00C04F79EFBC}") = "ReadFile2", "ReadFile2\ReadFile2.csproj", "{0778E1DE-6B26-45C2-B831-0AA548E1C9F6}"
EndProject
Global
	GlobalSection(SolutionConfigurationPlatforms) = preSolution
		Debug|Any CPU = Debug|Any CPU
		Release|Any CPU = Release|Any CPU
	EndGlobalSection
	GlobalSection(ProjectConfigurationPlatforms) = postSolution
		{38E43A39-F172-485F-A9C0-6A208E652AD7}.Debug|Any CPU.ActiveCfg = Debug|Any CPU
		{38E43A39-F172-485F-A9C0-6A208E652AD7}.Debug|Any CPU.Build.0 = Debug|Any CPU
		{38E43A39-F172-485F-A9C0-6A208E652AD7}.Release|Any CPU.ActiveCfg = Release|Any CPU
		{38E43A39-F172-485F-A9C0-6A208E652AD7}.Release|Any CPU.Build.0 = Release|Any CPU
		{291C194F-5F42-4C1A-9941-BF0A52A39F26}.Debug|Any CPU.ActiveCfg = Debug|Any CPU
		{291C194F-5F42-4C1A-9941-BF0A52A39F26}.Debug|Any CPU.Build.0 = Debug|Any CPU
		{291C194F-5F42-4C1A-9941-BF0A52A39F26}.Release|Any CPU.ActiveCfg = Release|Any CPU
		{291C194F-5F42-4C1A-9941-BF0A52A39F26}.Release|Any CPU.Build.0 = Release|Any CPU
		{DBD4C550-7A2E-4A5F-8F5D-AB220A95B7A9}.Debug|Any CPU.ActiveCfg = Debug|Any CPU
		{DBD4C550-7A2E-4A5F-8F5D-AB220A95B7A9}.Debug|Any CPU.Build.0 = Debug|Any CPU
		{DBD4C550-7A2E-4A5F-8F5D-AB220A95B7A9}.Release|Any CPU.ActiveCfg = Release|Any CPU
		{DBD4C550-7A2E-4A5F-8F5D-AB220A95B7A9}.Release|Any CPU.Build.0 = Release|Any CPU
		{0778E1DE-6B26-45C2-B831-0AA548E1C9F6}.Debug|Any CPU.ActiveCfg = Debug|Any CPU
		{0778E1DE-6B26-45C2-B831-0AA548E1C9F6}.Debug|Any CPU.Build.0 = Debug|Any CPU
		{0778E1DE-6B26-45C2-B831-0AA548E1C9F6}.Release|Any CPU.ActiveCfg = Release|Any CPU
		{0778E1DE-6B26-45C2-B831-0AA548E1C9F6}.Release|Any CPU.Build.0 = Release|Any CPU
	EndGlobalSection
	GlobalSection(SolutionProperties) = preSolution
		HideSolutionNode = FALSE
	EndGlobalSection
	GlobalSection(ExtensibilityGlobals) = postSolution
		SolutionGuid = {4D00E339-E182-48B4-BE72-1B8CE9DB96B5}
	EndGlobalSection
EndGlobal
